// !$*UTF8*$!
{
	archiveVersion = 1;
	classes = {
	};
	objectVersion = 55;
	objects = {

/* Begin PBXBuildFile section */
		1A0E56C82823D2EE0046D8C3 /* swiftui_siri_intentsApp.swift in Sources */ = {isa = PBXBuildFile; fileRef = 1A0E56C72823D2EE0046D8C3 /* swiftui_siri_intentsApp.swift */; };
		1A0E56CA2823D2EE0046D8C3 /* ContentView.swift in Sources */ = {isa = PBXBuildFile; fileRef = 1A0E56C92823D2EE0046D8C3 /* ContentView.swift */; };
		1A0E56CC2823D2EF0046D8C3 /* Assets.xcassets in Resources */ = {isa = PBXBuildFile; fileRef = 1A0E56CB2823D2EF0046D8C3 /* Assets.xcassets */; };
		1A0E56CF2823D2EF0046D8C3 /* Preview Assets.xcassets in Resources */ = {isa = PBXBuildFile; fileRef = 1A0E56CE2823D2EF0046D8C3 /* Preview Assets.xcassets */; };
		1A0E56D62823D34D0046D8C3 /* AppDelegate.swift in Sources */ = {isa = PBXBuildFile; fileRef = 1A0E56D52823D34D0046D8C3 /* AppDelegate.swift */; };
		1A0E56D92825031F0046D8C3 /* Intents.intentdefinition in Sources */ = {isa = PBXBuildFile; fileRef = 1A0E56D82825031F0046D8C3 /* Intents.intentdefinition */; };
		1AAB0CB3282521E300544A8F /* Intents.framework in Frameworks */ = {isa = PBXBuildFile; fileRef = 1AAB0CB2282521E300544A8F /* Intents.framework */; };
		1AAB0CB6282521E300544A8F /* IntentHandler.swift in Sources */ = {isa = PBXBuildFile; fileRef = 1AAB0CB5282521E300544A8F /* IntentHandler.swift */; };
		1AAB0CBE282521E300544A8F /* IntentsUI.framework in Frameworks */ = {isa = PBXBuildFile; fileRef = 1AAB0CBD282521E300544A8F /* IntentsUI.framework */; };
		1AAB0CC1282521E300544A8F /* IntentViewController.swift in Sources */ = {isa = PBXBuildFile; fileRef = 1AAB0CC0282521E300544A8F /* IntentViewController.swift */; };
		1AAB0CC4282521E300544A8F /* MainInterface.storyboard in Resources */ = {isa = PBXBuildFile; fileRef = 1AAB0CC2282521E300544A8F /* MainInterface.storyboard */; };
		1AAB0CC8282521E300544A8F /* MyIntentsUI.appex in Embed App Extensions */ = {isa = PBXBuildFile; fileRef = 1AAB0CBC282521E300544A8F /* MyIntentsUI.appex */; settings = {ATTRIBUTES = (RemoveHeadersOnCopy, ); }; };
		1AAB0CCB282521E300544A8F /* MyIntents.appex in Embed App Extensions */ = {isa = PBXBuildFile; fileRef = 1AAB0CB0282521E300544A8F /* MyIntents.appex */; settings = {ATTRIBUTES = (RemoveHeadersOnCopy, ); }; };
		1AAB0CD32825229300544A8F /* Intents.intentdefinition in Sources */ = {isa = PBXBuildFile; fileRef = 1A0E56D82825031F0046D8C3 /* Intents.intentdefinition */; settings = {ATTRIBUTES = (no_codegen, ); }; };
		1AAB0CD42825229500544A8F /* Intents.intentdefinition in Sources */ = {isa = PBXBuildFile; fileRef = 1A0E56D82825031F0046D8C3 /* Intents.intentdefinition */; settings = {ATTRIBUTES = (no_codegen, ); }; };
/* End PBXBuildFile section */

/* Begin PBXContainerItemProxy section */
		1AAB0CC6282521E300544A8F /* PBXContainerItemProxy */ = {
			isa = PBXContainerItemProxy;
			containerPortal = 1A0E56BC2823D2EE0046D8C3 /* Project object */;
			proxyType = 1;
			remoteGlobalIDString = 1AAB0CBB282521E300544A8F;
			remoteInfo = MyIntentsUI;
		};
		1AAB0CC9282521E300544A8F /* PBXContainerItemProxy */ = {
			isa = PBXContainerItemProxy;
			containerPortal = 1A0E56BC2823D2EE0046D8C3 /* Project object */;
			proxyType = 1;
			remoteGlobalIDString = 1AAB0CAF282521E300544A8F;
			remoteInfo = MyIntents;
		};
/* End PBXContainerItemProxy section */

/* Begin PBXCopyFilesBuildPhase section */
		1AAB0CD2282521E300544A8F /* Embed App Extensions */ = {
			isa = PBXCopyFilesBuildPhase;
			buildActionMask = 2147483647;
			dstPath = "";
			dstSubfolderSpec = 13;
			files = (
				1AAB0CCB282521E300544A8F /* MyIntents.appex in Embed App Extensions */,
				1AAB0CC8282521E300544A8F /* MyIntentsUI.appex in Embed App Extensions */,
			);
			name = "Embed App Extensions";
			runOnlyForDeploymentPostprocessing = 0;
		};
/* End PBXCopyFilesBuildPhase section */

/* Begin PBXFileReference section */
		1A0E56C42823D2EE0046D8C3 /* swiftui-siri-intents.app */ = {isa = PBXFileReference; explicitFileType = wrapper.application; includeInIndex = 0; path = "swiftui-siri-intents.app"; sourceTree = BUILT_PRODUCTS_DIR; };
		1A0E56C72823D2EE0046D8C3 /* swiftui_siri_intentsApp.swift */ = {isa = PBXFileReference; lastKnownFileType = sourcecode.swift; path = swiftui_siri_intentsApp.swift; sourceTree = "<group>"; };
		1A0E56C92823D2EE0046D8C3 /* ContentView.swift */ = {isa = PBXFileReference; lastKnownFileType = sourcecode.swift; path = ContentView.swift; sourceTree = "<group>"; };
		1A0E56CB2823D2EF0046D8C3 /* Assets.xcassets */ = {isa = PBXFileReference; lastKnownFileType = folder.assetcatalog; path = Assets.xcassets; sourceTree = "<group>"; };
		1A0E56CE2823D2EF0046D8C3 /* Preview Assets.xcassets */ = {isa = PBXFileReference; lastKnownFileType = folder.assetcatalog; path = "Preview Assets.xcassets"; sourceTree = "<group>"; };
		1A0E56D52823D34D0046D8C3 /* AppDelegate.swift */ = {isa = PBXFileReference; lastKnownFileType = sourcecode.swift; path = AppDelegate.swift; sourceTree = "<group>"; };
		1A0E56D72823D3880046D8C3 /* swiftui-siri-intents.entitlements */ = {isa = PBXFileReference; lastKnownFileType = text.plist.entitlements; path = "swiftui-siri-intents.entitlements"; sourceTree = "<group>"; };
		1A0E56D82825031F0046D8C3 /* Intents.intentdefinition */ = {isa = PBXFileReference; lastKnownFileType = file.intentdefinition; path = Intents.intentdefinition; sourceTree = "<group>"; };
		1A0E56DA282503750046D8C3 /* Info.plist */ = {isa = PBXFileReference; lastKnownFileType = text.plist; path = Info.plist; sourceTree = "<group>"; };
		1AAB0CB0282521E300544A8F /* MyIntents.appex */ = {isa = PBXFileReference; explicitFileType = "wrapper.app-extension"; includeInIndex = 0; path = MyIntents.appex; sourceTree = BUILT_PRODUCTS_DIR; };
		1AAB0CB2282521E300544A8F /* Intents.framework */ = {isa = PBXFileReference; lastKnownFileType = wrapper.framework; name = Intents.framework; path = System/Library/Frameworks/Intents.framework; sourceTree = SDKROOT; };
		1AAB0CB5282521E300544A8F /* IntentHandler.swift */ = {isa = PBXFileReference; lastKnownFileType = sourcecode.swift; path = IntentHandler.swift; sourceTree = "<group>"; };
		1AAB0CB7282521E300544A8F /* Info.plist */ = {isa = PBXFileReference; lastKnownFileType = text.plist.xml; path = Info.plist; sourceTree = "<group>"; };
		1AAB0CBC282521E300544A8F /* MyIntentsUI.appex */ = {isa = PBXFileReference; explicitFileType = "wrapper.app-extension"; includeInIndex = 0; path = MyIntentsUI.appex; sourceTree = BUILT_PRODUCTS_DIR; };
		1AAB0CBD282521E300544A8F /* IntentsUI.framework */ = {isa = PBXFileReference; lastKnownFileType = wrapper.framework; name = IntentsUI.framework; path = System/Library/Frameworks/IntentsUI.framework; sourceTree = SDKROOT; };
		1AAB0CC0282521E300544A8F /* IntentViewController.swift */ = {isa = PBXFileReference; lastKnownFileType = sourcecode.swift; path = IntentViewController.swift; sourceTree = "<group>"; };
		1AAB0CC3282521E300544A8F /* Base */ = {isa = PBXFileReference; lastKnownFileType = file.storyboard; name = Base; path = Base.lproj/MainInterface.storyboard; sourceTree = "<group>"; };
		1AAB0CC5282521E300544A8F /* Info.plist */ = {isa = PBXFileReference; lastKnownFileType = text.plist.xml; path = Info.plist; sourceTree = "<group>"; };
		1AAB0CD5282523FB00544A8F /* MyIntents.entitlements */ = {isa = PBXFileReference; lastKnownFileType = text.plist.entitlements; path = MyIntents.entitlements; sourceTree = "<group>"; };
		1AAB0CD62825245C00544A8F /* MyIntentsUI.entitlements */ = {isa = PBXFileReference; lastKnownFileType = text.plist.entitlements; path = MyIntentsUI.entitlements; sourceTree = "<group>"; };
/* End PBXFileReference section */

/* Begin PBXFrameworksBuildPhase section */
		1A0E56C12823D2EE0046D8C3 /* Frameworks */ = {
			isa = PBXFrameworksBuildPhase;
			buildActionMask = 2147483647;
			files = (
			);
			runOnlyForDeploymentPostprocessing = 0;
		};
		1AAB0CAD282521E300544A8F /* Frameworks */ = {
			isa = PBXFrameworksBuildPhase;
			buildActionMask = 2147483647;
			files = (
				1AAB0CB3282521E300544A8F /* Intents.framework in Frameworks */,
			);
			runOnlyForDeploymentPostprocessing = 0;
		};
		1AAB0CB9282521E300544A8F /* Frameworks */ = {
			isa = PBXFrameworksBuildPhase;
			buildActionMask = 2147483647;
			files = (
				1AAB0CBE282521E300544A8F /* IntentsUI.framework in Frameworks */,
			);
			runOnlyForDeploymentPostprocessing = 0;
		};
/* End PBXFrameworksBuildPhase section */

/* Begin PBXGroup section */
		1A0E56BB2823D2EE0046D8C3 = {
			isa = PBXGroup;
			children = (
				1A0E56C62823D2EE0046D8C3 /* swiftui-siri-intents */,
				1AAB0CB4282521E300544A8F /* MyIntents */,
				1AAB0CBF282521E300544A8F /* MyIntentsUI */,
				1AAB0CB1282521E300544A8F /* Frameworks */,
				1A0E56C52823D2EE0046D8C3 /* Products */,
			);
			sourceTree = "<group>";
		};
		1A0E56C52823D2EE0046D8C3 /* Products */ = {
			isa = PBXGroup;
			children = (
				1A0E56C42823D2EE0046D8C3 /* swiftui-siri-intents.app */,
				1AAB0CB0282521E300544A8F /* MyIntents.appex */,
				1AAB0CBC282521E300544A8F /* MyIntentsUI.appex */,
			);
			name = Products;
			sourceTree = "<group>";
		};
		1A0E56C62823D2EE0046D8C3 /* swiftui-siri-intents */ = {
			isa = PBXGroup;
			children = (
				1A0E56DA282503750046D8C3 /* Info.plist */,
				1A0E56D72823D3880046D8C3 /* swiftui-siri-intents.entitlements */,
				1A0E56C72823D2EE0046D8C3 /* swiftui_siri_intentsApp.swift */,
				1A0E56D52823D34D0046D8C3 /* AppDelegate.swift */,
				1A0E56D82825031F0046D8C3 /* Intents.intentdefinition */,
				1A0E56C92823D2EE0046D8C3 /* ContentView.swift */,
				1A0E56CB2823D2EF0046D8C3 /* Assets.xcassets */,
				1A0E56CD2823D2EF0046D8C3 /* Preview Content */,
			);
			path = "swiftui-siri-intents";
			sourceTree = "<group>";
		};
		1A0E56CD2823D2EF0046D8C3 /* Preview Content */ = {
			isa = PBXGroup;
			children = (
				1A0E56CE2823D2EF0046D8C3 /* Preview Assets.xcassets */,
			);
			path = "Preview Content";
			sourceTree = "<group>";
		};
		1AAB0CB1282521E300544A8F /* Frameworks */ = {
			isa = PBXGroup;
			children = (
				1AAB0CB2282521E300544A8F /* Intents.framework */,
				1AAB0CBD282521E300544A8F /* IntentsUI.framework */,
			);
			name = Frameworks;
			sourceTree = "<group>";
		};
		1AAB0CB4282521E300544A8F /* MyIntents */ = {
			isa = PBXGroup;
			children = (
				1AAB0CD5282523FB00544A8F /* MyIntents.entitlements */,
				1AAB0CB5282521E300544A8F /* IntentHandler.swift */,
				1AAB0CB7282521E300544A8F /* Info.plist */,
			);
			path = MyIntents;
			sourceTree = "<group>";
		};
		1AAB0CBF282521E300544A8F /* MyIntentsUI */ = {
			isa = PBXGroup;
			children = (
				1AAB0CD62825245C00544A8F /* MyIntentsUI.entitlements */,
				1AAB0CC0282521E300544A8F /* IntentViewController.swift */,
				1AAB0CC2282521E300544A8F /* MainInterface.storyboard */,
				1AAB0CC5282521E300544A8F /* Info.plist */,
			);
			path = MyIntentsUI;
			sourceTree = "<group>";
		};
/* End PBXGroup section */

/* Begin PBXNativeTarget section */
		1A0E56C32823D2EE0046D8C3 /* swiftui-siri-intents */ = {
			isa = PBXNativeTarget;
			buildConfigurationList = 1A0E56D22823D2EF0046D8C3 /* Build configuration list for PBXNativeTarget "swiftui-siri-intents" */;
			buildPhases = (
				1A0E56C02823D2EE0046D8C3 /* Sources */,
				1A0E56C12823D2EE0046D8C3 /* Frameworks */,
				1A0E56C22823D2EE0046D8C3 /* Resources */,
				1AAB0CD2282521E300544A8F /* Embed App Extensions */,
			);
			buildRules = (
			);
			dependencies = (
				1AAB0CC7282521E300544A8F /* PBXTargetDependency */,
				1AAB0CCA282521E300544A8F /* PBXTargetDependency */,
			);
			name = "swiftui-siri-intents";
			productName = "swiftui-siri-intents";
			productReference = 1A0E56C42823D2EE0046D8C3 /* swiftui-siri-intents.app */;
			productType = "com.apple.product-type.application";
		};
		1AAB0CAF282521E300544A8F /* MyIntents */ = {
			isa = PBXNativeTarget;
			buildConfigurationList = 1AAB0CCF282521E300544A8F /* Build configuration list for PBXNativeTarget "MyIntents" */;
			buildPhases = (
				1AAB0CAC282521E300544A8F /* Sources */,
				1AAB0CAD282521E300544A8F /* Frameworks */,
				1AAB0CAE282521E300544A8F /* Resources */,
			);
			buildRules = (
			);
			dependencies = (
			);
			name = MyIntents;
			productName = MyIntents;
			productReference = 1AAB0CB0282521E300544A8F /* MyIntents.appex */;
			productType = "com.apple.product-type.app-extension";
		};
		1AAB0CBB282521E300544A8F /* MyIntentsUI */ = {
			isa = PBXNativeTarget;
			buildConfigurationList = 1AAB0CCC282521E300544A8F /* Build configuration list for PBXNativeTarget "MyIntentsUI" */;
			buildPhases = (
				1AAB0CB8282521E300544A8F /* Sources */,
				1AAB0CB9282521E300544A8F /* Frameworks */,
				1AAB0CBA282521E300544A8F /* Resources */,
			);
			buildRules = (
			);
			dependencies = (
			);
			name = MyIntentsUI;
			productName = MyIntentsUI;
			productReference = 1AAB0CBC282521E300544A8F /* MyIntentsUI.appex */;
			productType = "com.apple.product-type.app-extension";
		};
/* End PBXNativeTarget section */

/* Begin PBXProject section */
		1A0E56BC2823D2EE0046D8C3 /* Project object */ = {
			isa = PBXProject;
			attributes = {
				BuildIndependentTargetsInParallel = 1;
				LastSwiftUpdateCheck = 1330;
				LastUpgradeCheck = 1330;
				TargetAttributes = {
					1A0E56C32823D2EE0046D8C3 = {
						CreatedOnToolsVersion = 13.3.1;
					};
					1AAB0CAF282521E300544A8F = {
						CreatedOnToolsVersion = 13.3.1;
					};
					1AAB0CBB282521E300544A8F = {
						CreatedOnToolsVersion = 13.3.1;
					};
				};
			};
			buildConfigurationList = 1A0E56BF2823D2EE0046D8C3 /* Build configuration list for PBXProject "swiftui-siri-intents" */;
			compatibilityVersion = "Xcode 13.0";
			developmentRegion = en;
			hasScannedForEncodings = 0;
			knownRegions = (
				en,
				Base,
			);
			mainGroup = 1A0E56BB2823D2EE0046D8C3;
			productRefGroup = 1A0E56C52823D2EE0046D8C3 /* Products */;
			projectDirPath = "";
			projectRoot = "";
			targets = (
				1A0E56C32823D2EE0046D8C3 /* swiftui-siri-intents */,
				1AAB0CAF282521E300544A8F /* MyIntents */,
				1AAB0CBB282521E300544A8F /* MyIntentsUI */,
			);
		};
/* End PBXProject section */

/* Begin PBXResourcesBuildPhase section */
		1A0E56C22823D2EE0046D8C3 /* Resources */ = {
			isa = PBXResourcesBuildPhase;
			buildActionMask = 2147483647;
			files = (
				1A0E56CF2823D2EF0046D8C3 /* Preview Assets.xcassets in Resources */,
				1A0E56CC2823D2EF0046D8C3 /* Assets.xcassets in Resources */,
			);
			runOnlyForDeploymentPostprocessing = 0;
		};
		1AAB0CAE282521E300544A8F /* Resources */ = {
			isa = PBXResourcesBuildPhase;
			buildActionMask = 2147483647;
			files = (
			);
			runOnlyForDeploymentPostprocessing = 0;
		};
		1AAB0CBA282521E300544A8F /* Resources */ = {
			isa = PBXResourcesBuildPhase;
			buildActionMask = 2147483647;
			files = (
				1AAB0CC4282521E300544A8F /* MainInterface.storyboard in Resources */,
			);
			runOnlyForDeploymentPostprocessing = 0;
		};
/* End PBXResourcesBuildPhase section */

/* Begin PBXSourcesBuildPhase section */
		1A0E56C02823D2EE0046D8C3 /* Sources */ = {
			isa = PBXSourcesBuildPhase;
			buildActionMask = 2147483647;
			files = (
				1A0E56D62823D34D0046D8C3 /* AppDelegate.swift in Sources */,
				1A0E56CA2823D2EE0046D8C3 /* ContentView.swift in Sources */,
				1A0E56D92825031F0046D8C3 /* Intents.intentdefinition in Sources */,
				1A0E56C82823D2EE0046D8C3 /* swiftui_siri_intentsApp.swift in Sources */,
			);
			runOnlyForDeploymentPostprocessing = 0;
		};
		1AAB0CAC282521E300544A8F /* Sources */ = {
			isa = PBXSourcesBuildPhase;
			buildActionMask = 2147483647;
			files = (
				1AAB0CD32825229300544A8F /* Intents.intentdefinition in Sources */,
				1AAB0CB6282521E300544A8F /* IntentHandler.swift in Sources */,
			);
			runOnlyForDeploymentPostprocessing = 0;
		};
		1AAB0CB8282521E300544A8F /* Sources */ = {
			isa = PBXSourcesBuildPhase;
			buildActionMask = 2147483647;
			files = (
				1AAB0CD42825229500544A8F /* Intents.intentdefinition in Sources */,
				1AAB0CC1282521E300544A8F /* IntentViewController.swift in Sources */,
			);
			runOnlyForDeploymentPostprocessing = 0;
		};
/* End PBXSourcesBuildPhase section */

/* Begin PBXTargetDependency section */
		1AAB0CC7282521E300544A8F /* PBXTargetDependency */ = {
			isa = PBXTargetDependency;
			target = 1AAB0CBB282521E300544A8F /* MyIntentsUI */;
			targetProxy = 1AAB0CC6282521E300544A8F /* PBXContainerItemProxy */;
		};
		1AAB0CCA282521E300544A8F /* PBXTargetDependency */ = {
			isa = PBXTargetDependency;
			target = 1AAB0CAF282521E300544A8F /* MyIntents */;
			targetProxy = 1AAB0CC9282521E300544A8F /* PBXContainerItemProxy */;
		};
/* End PBXTargetDependency section */

/* Begin PBXVariantGroup section */
		1AAB0CC2282521E300544A8F /* MainInterface.storyboard */ = {
			isa = PBXVariantGroup;
			children = (
				1AAB0CC3282521E300544A8F /* Base */,
			);
			name = MainInterface.storyboard;
			sourceTree = "<group>";
		};
/* End PBXVariantGroup section */

/* Begin XCBuildConfiguration section */
		1A0E56D02823D2EF0046D8C3 /* Debug */ = {
			isa = XCBuildConfiguration;
			buildSettings = {
				ALWAYS_SEARCH_USER_PATHS = NO;
				CLANG_ANALYZER_NONNULL = YES;
				CLANG_ANALYZER_NUMBER_OBJECT_CONVERSION = YES_AGGRESSIVE;
				CLANG_CXX_LANGUAGE_STANDARD = "gnu++17";
				CLANG_ENABLE_MODULES = YES;
				CLANG_ENABLE_OBJC_ARC = YES;
				CLANG_ENABLE_OBJC_WEAK = YES;
				CLANG_WARN_BLOCK_CAPTURE_AUTORELEASING = YES;
				CLANG_WARN_BOOL_CONVERSION = YES;
				CLANG_WARN_COMMA = YES;
				CLANG_WARN_CONSTANT_CONVERSION = YES;
				CLANG_WARN_DEPRECATED_OBJC_IMPLEMENTATIONS = YES;
				CLANG_WARN_DIRECT_OBJC_ISA_USAGE = YES_ERROR;
				CLANG_WARN_DOCUMENTATION_COMMENTS = YES;
				CLANG_WARN_EMPTY_BODY = YES;
				CLANG_WARN_ENUM_CONVERSION = YES;
				CLANG_WARN_INFINITE_RECURSION = YES;
				CLANG_WARN_INT_CONVERSION = YES;
				CLANG_WARN_NON_LITERAL_NULL_CONVERSION = YES;
				CLANG_WARN_OBJC_IMPLICIT_RETAIN_SELF = YES;
				CLANG_WARN_OBJC_LITERAL_CONVERSION = YES;
				CLANG_WARN_OBJC_ROOT_CLASS = YES_ERROR;
				CLANG_WARN_QUOTED_INCLUDE_IN_FRAMEWORK_HEADER = YES;
				CLANG_WARN_RANGE_LOOP_ANALYSIS = YES;
				CLANG_WARN_STRICT_PROTOTYPES = YES;
				CLANG_WARN_SUSPICIOUS_MOVE = YES;
				CLANG_WARN_UNGUARDED_AVAILABILITY = YES_AGGRESSIVE;
				CLANG_WARN_UNREACHABLE_CODE = YES;
				CLANG_WARN__DUPLICATE_METHOD_MATCH = YES;
				COPY_PHASE_STRIP = NO;
				DEBUG_INFORMATION_FORMAT = dwarf;
				ENABLE_STRICT_OBJC_MSGSEND = YES;
				ENABLE_TESTABILITY = YES;
				GCC_C_LANGUAGE_STANDARD = gnu11;
				GCC_DYNAMIC_NO_PIC = NO;
				GCC_NO_COMMON_BLOCKS = YES;
				GCC_OPTIMIZATION_LEVEL = 0;
				GCC_PREPROCESSOR_DEFINITIONS = (
					"DEBUG=1",
					"$(inherited)",
				);
				GCC_WARN_64_TO_32_BIT_CONVERSION = YES;
				GCC_WARN_ABOUT_RETURN_TYPE = YES_ERROR;
				GCC_WARN_UNDECLARED_SELECTOR = YES;
				GCC_WARN_UNINITIALIZED_AUTOS = YES_AGGRESSIVE;
				GCC_WARN_UNUSED_FUNCTION = YES;
				GCC_WARN_UNUSED_VARIABLE = YES;
				IPHONEOS_DEPLOYMENT_TARGET = 15.4;
				MTL_ENABLE_DEBUG_INFO = INCLUDE_SOURCE;
				MTL_FAST_MATH = YES;
				ONLY_ACTIVE_ARCH = YES;
				SDKROOT = iphoneos;
				SWIFT_ACTIVE_COMPILATION_CONDITIONS = DEBUG;
				SWIFT_OPTIMIZATION_LEVEL = "-Onone";
			};
			name = Debug;
		};
		1A0E56D12823D2EF0046D8C3 /* Release */ = {
			isa = XCBuildConfiguration;
			buildSettings = {
				ALWAYS_SEARCH_USER_PATHS = NO;
				CLANG_ANALYZER_NONNULL = YES;
				CLANG_ANALYZER_NUMBER_OBJECT_CONVERSION = YES_AGGRESSIVE;
				CLANG_CXX_LANGUAGE_STANDARD = "gnu++17";
				CLANG_ENABLE_MODULES = YES;
				CLANG_ENABLE_OBJC_ARC = YES;
				CLANG_ENABLE_OBJC_WEAK = YES;
				CLANG_WARN_BLOCK_CAPTURE_AUTORELEASING = YES;
				CLANG_WARN_BOOL_CONVERSION = YES;
				CLANG_WARN_COMMA = YES;
				CLANG_WARN_CONSTANT_CONVERSION = YES;
				CLANG_WARN_DEPRECATED_OBJC_IMPLEMENTATIONS = YES;
				CLANG_WARN_DIRECT_OBJC_ISA_USAGE = YES_ERROR;
				CLANG_WARN_DOCUMENTATION_COMMENTS = YES;
				CLANG_WARN_EMPTY_BODY = YES;
				CLANG_WARN_ENUM_CONVERSION = YES;
				CLANG_WARN_INFINITE_RECURSION = YES;
				CLANG_WARN_INT_CONVERSION = YES;
				CLANG_WARN_NON_LITERAL_NULL_CONVERSION = YES;
				CLANG_WARN_OBJC_IMPLICIT_RETAIN_SELF = YES;
				CLANG_WARN_OBJC_LITERAL_CONVERSION = YES;
				CLANG_WARN_OBJC_ROOT_CLASS = YES_ERROR;
				CLANG_WARN_QUOTED_INCLUDE_IN_FRAMEWORK_HEADER = YES;
				CLANG_WARN_RANGE_LOOP_ANALYSIS = YES;
				CLANG_WARN_STRICT_PROTOTYPES = YES;
				CLANG_WARN_SUSPICIOUS_MOVE = YES;
				CLANG_WARN_UNGUARDED_AVAILABILITY = YES_AGGRESSIVE;
				CLANG_WARN_UNREACHABLE_CODE = YES;
				CLANG_WARN__DUPLICATE_METHOD_MATCH = YES;
				COPY_PHASE_STRIP = NO;
				DEBUG_INFORMATION_FORMAT = "dwarf-with-dsym";
				ENABLE_NS_ASSERTIONS = NO;
				ENABLE_STRICT_OBJC_MSGSEND = YES;
				GCC_C_LANGUAGE_STANDARD = gnu11;
				GCC_NO_COMMON_BLOCKS = YES;
				GCC_WARN_64_TO_32_BIT_CONVERSION = YES;
				GCC_WARN_ABOUT_RETURN_TYPE = YES_ERROR;
				GCC_WARN_UNDECLARED_SELECTOR = YES;
				GCC_WARN_UNINITIALIZED_AUTOS = YES_AGGRESSIVE;
				GCC_WARN_UNUSED_FUNCTION = YES;
				GCC_WARN_UNUSED_VARIABLE = YES;
				IPHONEOS_DEPLOYMENT_TARGET = 15.4;
				MTL_ENABLE_DEBUG_INFO = NO;
				MTL_FAST_MATH = YES;
				SDKROOT = iphoneos;
				SWIFT_COMPILATION_MODE = wholemodule;
				SWIFT_OPTIMIZATION_LEVEL = "-O";
				VALIDATE_PRODUCT = YES;
			};
			name = Release;
		};
		1A0E56D32823D2EF0046D8C3 /* Debug */ = {
			isa = XCBuildConfiguration;
			buildSettings = {
				ALWAYS_EMBED_SWIFT_STANDARD_LIBRARIES = YES;
				ASSETCATALOG_COMPILER_APPICON_NAME = AppIcon;
				ASSETCATALOG_COMPILER_GLOBAL_ACCENT_COLOR_NAME = AccentColor;
				CODE_SIGN_ENTITLEMENTS = "swiftui-siri-intents/swiftui-siri-intents.entitlements";
				CODE_SIGN_STYLE = Automatic;
				CURRENT_PROJECT_VERSION = 1;
				DEVELOPMENT_ASSET_PATHS = "\"swiftui-siri-intents/Preview Content\"";
				DEVELOPMENT_TEAM = 4BG3523GAZ;
				ENABLE_PREVIEWS = YES;
				GENERATE_INFOPLIST_FILE = YES;
				INFOPLIST_FILE = "swiftui-siri-intents/Info.plist";
				INFOPLIST_KEY_UIApplicationSceneManifest_Generation = YES;
				INFOPLIST_KEY_UIApplicationSupportsIndirectInputEvents = YES;
				INFOPLIST_KEY_UILaunchScreen_Generation = YES;
				INFOPLIST_KEY_UISupportedInterfaceOrientations_iPad = "UIInterfaceOrientationPortrait UIInterfaceOrientationPortraitUpsideDown UIInterfaceOrientationLandscapeLeft UIInterfaceOrientationLandscapeRight";
				INFOPLIST_KEY_UISupportedInterfaceOrientations_iPhone = "UIInterfaceOrientationPortrait UIInterfaceOrientationLandscapeLeft UIInterfaceOrientationLandscapeRight";
				LD_RUNPATH_SEARCH_PATHS = (
					"$(inherited)",
					"@executable_path/Frameworks",
				);
				MARKETING_VERSION = 1.0;
				PRODUCT_BUNDLE_IDENTIFIER = "r.mark.volkmann.gmail.com.swiftui-siri-intents";
				PRODUCT_NAME = "$(TARGET_NAME)";
				SWIFT_EMIT_LOC_STRINGS = YES;
				SWIFT_VERSION = 5.0;
				TARGETED_DEVICE_FAMILY = "1,2";
			};
			name = Debug;
		};
		1A0E56D42823D2EF0046D8C3 /* Release */ = {
			isa = XCBuildConfiguration;
			buildSettings = {
				ALWAYS_EMBED_SWIFT_STANDARD_LIBRARIES = YES;
				ASSETCATALOG_COMPILER_APPICON_NAME = AppIcon;
				ASSETCATALOG_COMPILER_GLOBAL_ACCENT_COLOR_NAME = AccentColor;
				CODE_SIGN_ENTITLEMENTS = "swiftui-siri-intents/swiftui-siri-intents.entitlements";
				CODE_SIGN_STYLE = Automatic;
				CURRENT_PROJECT_VERSION = 1;
				DEVELOPMENT_ASSET_PATHS = "\"swiftui-siri-intents/Preview Content\"";
				DEVELOPMENT_TEAM = 4BG3523GAZ;
				ENABLE_PREVIEWS = YES;
				GENERATE_INFOPLIST_FILE = YES;
				INFOPLIST_FILE = "swiftui-siri-intents/Info.plist";
				INFOPLIST_KEY_UIApplicationSceneManifest_Generation = YES;
				INFOPLIST_KEY_UIApplicationSupportsIndirectInputEvents = YES;
				INFOPLIST_KEY_UILaunchScreen_Generation = YES;
				INFOPLIST_KEY_UISupportedInterfaceOrientations_iPad = "UIInterfaceOrientationPortrait UIInterfaceOrientationPortraitUpsideDown UIInterfaceOrientationLandscapeLeft UIInterfaceOrientationLandscapeRight";
				INFOPLIST_KEY_UISupportedInterfaceOrientations_iPhone = "UIInterfaceOrientationPortrait UIInterfaceOrientationLandscapeLeft UIInterfaceOrientationLandscapeRight";
				LD_RUNPATH_SEARCH_PATHS = (
					"$(inherited)",
					"@executable_path/Frameworks",
				);
				MARKETING_VERSION = 1.0;
				PRODUCT_BUNDLE_IDENTIFIER = "r.mark.volkmann.gmail.com.swiftui-siri-intents";
				PRODUCT_NAME = "$(TARGET_NAME)";
				SWIFT_EMIT_LOC_STRINGS = YES;
				SWIFT_VERSION = 5.0;
				TARGETED_DEVICE_FAMILY = "1,2";
			};
			name = Release;
		};
		1AAB0CCD282521E300544A8F /* Debug */ = {
			isa = XCBuildConfiguration;
			buildSettings = {
				CODE_SIGN_ENTITLEMENTS = MyIntentsUI/MyIntentsUI.entitlements;
				CODE_SIGN_STYLE = Automatic;
				CURRENT_PROJECT_VERSION = 1;
				DEVELOPMENT_TEAM = 4BG3523GAZ;
				GENERATE_INFOPLIST_FILE = YES;
				INFOPLIST_FILE = MyIntentsUI/Info.plist;
				INFOPLIST_KEY_CFBundleDisplayName = MyIntentsUI;
				INFOPLIST_KEY_NSHumanReadableCopyright = "";
				LD_RUNPATH_SEARCH_PATHS = (
					"$(inherited)",
					"@executable_path/Frameworks",
					"@executable_path/../../Frameworks",
				);
				MARKETING_VERSION = 1.0;
				PRODUCT_BUNDLE_IDENTIFIER = "r.mark.volkmann.gmail.com.swiftui-siri-intents.MyIntentsUI";
				PRODUCT_NAME = "$(TARGET_NAME)";
				SKIP_INSTALL = YES;
				SWIFT_EMIT_LOC_STRINGS = YES;
				SWIFT_VERSION = 5.0;
				TARGETED_DEVICE_FAMILY = "1,2";
			};
			name = Debug;
		};
		1AAB0CCE282521E300544A8F /* Release */ = {
			isa = XCBuildConfiguration;
			buildSettings = {
				CODE_SIGN_ENTITLEMENTS = MyIntentsUI/MyIntentsUI.entitlements;
				CODE_SIGN_STYLE = Automatic;
				CURRENT_PROJECT_VERSION = 1;
				DEVELOPMENT_TEAM = 4BG3523GAZ;
				GENERATE_INFOPLIST_FILE = YES;
				INFOPLIST_FILE = MyIntentsUI/Info.plist;
				INFOPLIST_KEY_CFBundleDisplayName = MyIntentsUI;
				INFOPLIST_KEY_NSHumanReadableCopyright = "";
				LD_RUNPATH_SEARCH_PATHS = (
					"$(inherited)",
					"@executable_path/Frameworks",
					"@executable_path/../../Frameworks",
				);
				MARKETING_VERSION = 1.0;
				PRODUCT_BUNDLE_IDENTIFIER = "r.mark.volkmann.gmail.com.swiftui-siri-intents.MyIntentsUI";
				PRODUCT_NAME = "$(TARGET_NAME)";
				SKIP_INSTALL = YES;
				SWIFT_EMIT_LOC_STRINGS = YES;
				SWIFT_VERSION = 5.0;
				TARGETED_DEVICE_FAMILY = "1,2";
			};
			name = Release;
		};
		1AAB0CD0282521E300544A8F /* Debug */ = {
			isa = XCBuildConfiguration;
			buildSettings = {
				CODE_SIGN_ENTITLEMENTS = MyIntents/MyIntents.entitlements;
				CODE_SIGN_STYLE = Automatic;
				CURRENT_PROJECT_VERSION = 1;
				DEVELOPMENT_TEAM = 4BG3523GAZ;
				GENERATE_INFOPLIST_FILE = YES;
				INFOPLIST_FILE = MyIntents/Info.plist;
				INFOPLIST_KEY_CFBundleDisplayName = MyIntents;
				INFOPLIST_KEY_NSHumanReadableCopyright = "";
				LD_RUNPATH_SEARCH_PATHS = (
					"$(inherited)",
					"@executable_path/Frameworks",
					"@executable_path/../../Frameworks",
				);
				MARKETING_VERSION = 1.0;
				PRODUCT_BUNDLE_IDENTIFIER = "r.mark.volkmann.gmail.com.swiftui-siri-intents.MyIntents";
				PRODUCT_NAME = "$(TARGET_NAME)";
				SKIP_INSTALL = YES;
				SWIFT_EMIT_LOC_STRINGS = YES;
				SWIFT_VERSION = 5.0;
				TARGETED_DEVICE_FAMILY = "1,2";
			};
			name = Debug;
		};
		1AAB0CD1282521E300544A8F /* Release */ = {
			isa = XCBuildConfiguration;
			buildSettings = {
				CODE_SIGN_ENTITLEMENTS = MyIntents/MyIntents.entitlements;
				CODE_SIGN_STYLE = Automatic;
				CURRENT_PROJECT_VERSION = 1;
				DEVELOPMENT_TEAM = 4BG3523GAZ;
				GENERATE_INFOPLIST_FILE = YES;
				INFOPLIST_FILE = MyIntents/Info.plist;
				INFOPLIST_KEY_CFBundleDisplayName = MyIntents;
				INFOPLIST_KEY_NSHumanReadableCopyright = "";
				LD_RUNPATH_SEARCH_PATHS = (
					"$(inherited)",
					"@executable_path/Frameworks",
					"@executable_path/../../Frameworks",
				);
				MARKETING_VERSION = 1.0;
				PRODUCT_BUNDLE_IDENTIFIER = "r.mark.volkmann.gmail.com.swiftui-siri-intents.MyIntents";
				PRODUCT_NAME = "$(TARGET_NAME)";
				SKIP_INSTALL = YES;
				SWIFT_EMIT_LOC_STRINGS = YES;
				SWIFT_VERSION = 5.0;
				TARGETED_DEVICE_FAMILY = "1,2";
			};
			name = Release;
		};
/* End XCBuildConfiguration section */

/* Begin XCConfigurationList section */
		1A0E56BF2823D2EE0046D8C3 /* Build configuration list for PBXProject "swiftui-siri-intents" */ = {
			isa = XCConfigurationList;
			buildConfigurations = (
				1A0E56D02823D2EF0046D8C3 /* Debug */,
				1A0E56D12823D2EF0046D8C3 /* Release */,
			);
			defaultConfigurationIsVisible = 0;
			defaultConfigurationName = Release;
		};
		1A0E56D22823D2EF0046D8C3 /* Build configuration list for PBXNativeTarget "swiftui-siri-intents" */ = {
			isa = XCConfigurationList;
			buildConfigurations = (
				1A0E56D32823D2EF0046D8C3 /* Debug */,
				1A0E56D42823D2EF0046D8C3 /* Release */,
			);
			defaultConfigurationIsVisible = 0;
			defaultConfigurationName = Release;
		};
		1AAB0CCC282521E300544A8F /* Build configuration list for PBXNativeTarget "MyIntentsUI" */ = {
			isa = XCConfigurationList;
			buildConfigurations = (
				1AAB0CCD282521E300544A8F /* Debug */,
				1AAB0CCE282521E300544A8F /* Release */,
			);
			defaultConfigurationIsVisible = 0;
			defaultConfigurationName = Release;
		};
		1AAB0CCF282521E300544A8F /* Build configuration list for PBXNativeTarget "MyIntents" */ = {
			isa = XCConfigurationList;
			buildConfigurations = (
				1AAB0CD0282521E300544A8F /* Debug */,
				1AAB0CD1282521E300544A8F /* Release */,
			);
			defaultConfigurationIsVisible = 0;
			defaultConfigurationName = Release;
		};
/* End XCConfigurationList section */
	};
	rootObject = 1A0E56BC2823D2EE0046D8C3 /* Project object */;
}
